
Microsoft Visual Studio Solution File, Format Version 12.00
# Visual Studio Version 16
VisualStudioVersion = 16.0.31829.152
MinimumVisualStudioVersion = 10.0.40219.1
Project("{FAE04EC0-301F-11D3-BF4B-00C04F79EFBC}") = "ServiceReservasi", "ServiceReservasi\ServiceReservasi.csproj", "{7567B082-3063-4867-9D72-1408561C4B74}"
EndProject
Global
	GlobalSection(SolutionConfigurationPlatforms) = preSolution
		Debug|Any CPU = Debug|Any CPU
		Release|Any CPU = Release|Any CPU
	EndGlobalSection
	GlobalSection(ProjectConfigurationPlatforms) = postSolution
		{7567B082-3063-4867-9D72-1408561C4B74}.Debug|Any CPU.ActiveCfg = Debug|Any CPU
		{7567B082-3063-4867-9D72-1408561C4B74}.Debug|Any CPU.Build.0 = Debug|Any CPU
		{7567B082-3063-4867-9D72-1408561C4B74}.Release|Any CPU.ActiveCfg = Release|Any CPU
		{7567B082-3063-4867-9D72-1408561C4B74}.Release|Any CPU.Build.0 = Release|Any CPU
	EndGlobalSection
	GlobalSection(SolutionProperties) = preSolution
		HideSolutionNode = FALSE
	EndGlobalSection
	GlobalSection(ExtensibilityGlobals) = postSolution
		SolutionGuid = {3D154AC9-65D3-497F-8A37-C9C620C77BFC}
	EndGlobalSection
EndGlobal
